lockfileVersion: '9.0'

settings:
  autoInstallPeers: true
  excludeLinksFromLockfile: false

importers:

  .:
    devDependencies:
      '@types/k6':
        specifier: ^0.54.2
        version: 0.54.2
      edifice-k6-commons:
        specifier: latest
        version: 2.1.4

packages:

  '@types/k6@0.54.2':
    resolution: {integrity: sha512-B5LPxeQm97JnUTpoKNE1UX9jFp+JiJCAXgZOa2P7aChxVoPQXKfWMzK+739xHq3lPkKj1aV+HeOxkP56g/oWBg==}

  edifice-k6-commons@2.1.4:
    resolution: {integrity: sha512-QXkTehlakyE5T19VmMAZEPgB4xLF2DFChPGwSHsf4178aeS3o/ga9Q2WLMyLOjV7L3a9mPJJ9CSoSvAt/MOY2A==}
    engines: {node: '>=18'}

snapshots:

  '@types/k6@0.54.2': {}

  edifice-k6-commons@2.1.4: {}
