lockfileVersion: '6.0'

settings:
  autoInstallPeers: true
  excludeLinksFromLockfile: false

devDependencies:
  '@types/k6':
    specifier: ^0.54.2
    version: 0.54.2
  edifice-k6-commons:
    specifier: develop
    version: 1.0.1-develop.2

packages:

  /@types/k6@0.54.2:
    resolution: {integrity: sha512-B5LPxeQm97JnUTpoKNE1UX9jFp+JiJCAXgZOa2P7aChxVoPQXKfWMzK+739xHq3lPkKj1aV+HeOxkP56g/oWBg==}
    dev: true

  /edifice-k6-commons@1.0.1-develop.2:
    resolution: {integrity: sha512-+Ac72BHzFi8kO/UofjtR7gOoUEMt5rULEUPk4hdGvXdC+NmjYAFiqKo3M9BCj27zQu2JtqQaekt4uOnEBptX+w==}
    engines: {node: 18 || 20}
    dev: true
